// !$*UTF8*$!
{
	archiveVersion = 1;
	classes = {
	};
	objectVersion = 50;
	objects = {

/* Begin PBXBuildFile section */
		870944D92212227A00A0BDE2 /* Constants.swift in Sources */ = {isa = PBXBuildFile; fileRef = 870944D82212227A00A0BDE2 /* Constants.swift */; };
		870D23FE2216C6F6003C247A /* EpisodeListViewController.swift in Sources */ = {isa = PBXBuildFile; fileRef = 870D23FC2216C6F6003C247A /* EpisodeListViewController.swift */; };
		870D23FF2216C6F6003C247A /* EpisodeListViewController.xib in Resources */ = {isa = PBXBuildFile; fileRef = 870D23FD2216C6F6003C247A /* EpisodeListViewController.xib */; };
		870D24022216CBCB003C247A /* EpisodeDetailViewController.swift in Sources */ = {isa = PBXBuildFile; fileRef = 870D24002216CBCB003C247A /* EpisodeDetailViewController.swift */; };
		870D24032216CBCB003C247A /* EpisodeDetailViewController.xib in Resources */ = {isa = PBXBuildFile; fileRef = 870D24012216CBCB003C247A /* EpisodeDetailViewController.xib */; };
		870D3D8F2203929B000D13EF /* AppDelegate.swift in Sources */ = {isa = PBXBuildFile; fileRef = 870D3D8E2203929B000D13EF /* AppDelegate.swift */; };
		870D3D962203929E000D13EF /* Assets.xcassets in Resources */ = {isa = PBXBuildFile; fileRef = 870D3D952203929E000D13EF /* Assets.xcassets */; };
		870D3D992203929E000D13EF /* LaunchScreen.storyboard in Resources */ = {isa = PBXBuildFile; fileRef = 870D3D972203929E000D13EF /* LaunchScreen.storyboard */; };
		870D3DAF22039C45000D13EF /* HouseTests.swift in Sources */ = {isa = PBXBuildFile; fileRef = 870D3DAE22039C45000D13EF /* HouseTests.swift */; };
		8713B40C22099BA80062FE6F /* HouseDetailViewController.swift in Sources */ = {isa = PBXBuildFile; fileRef = 8713B40A22099BA80062FE6F /* HouseDetailViewController.swift */; };
		8713B40D22099BA80062FE6F /* HouseDetailViewController.xib in Resources */ = {isa = PBXBuildFile; fileRef = 8713B40B22099BA80062FE6F /* HouseDetailViewController.xib */; };
		8713B4172209B0900062FE6F /* UIViewController+Navigation.swift in Sources */ = {isa = PBXBuildFile; fileRef = 8713B4162209B0900062FE6F /* UIViewController+Navigation.swift */; };
		8716FFB5220F44C20028FEE4 /* HouseListViewController.swift in Sources */ = {isa = PBXBuildFile; fileRef = 8716FFB3220F44C20028FEE4 /* HouseListViewController.swift */; };
		8716FFB6220F44C20028FEE4 /* HouseListViewController.xib in Resources */ = {isa = PBXBuildFile; fileRef = 8716FFB4220F44C20028FEE4 /* HouseListViewController.xib */; };
		8716FFB9220F54E70028FEE4 /* MemberListViewController.swift in Sources */ = {isa = PBXBuildFile; fileRef = 8716FFB7220F54E70028FEE4 /* MemberListViewController.swift */; };
		8716FFBA220F54E70028FEE4 /* MemberListViewController.xib in Resources */ = {isa = PBXBuildFile; fileRef = 8716FFB8220F54E70028FEE4 /* MemberListViewController.xib */; };
		871BE8B422142F1B005DF224 /* Season.swift in Sources */ = {isa = PBXBuildFile; fileRef = 871BE8B322142F1B005DF224 /* Season.swift */; };
		871BE8B622142FE4005DF224 /* Episode.swift in Sources */ = {isa = PBXBuildFile; fileRef = 871BE8B522142FE4005DF224 /* Episode.swift */; };
		871BE8B822143260005DF224 /* SeasonTest.swift in Sources */ = {isa = PBXBuildFile; fileRef = 871BE8B722143260005DF224 /* SeasonTest.swift */; };
		8721B9FC2215D9EA0038DD07 /* SeasonListViewController.swift in Sources */ = {isa = PBXBuildFile; fileRef = 8721B9FA2215D9EA0038DD07 /* SeasonListViewController.swift */; };
		8721B9FD2215D9EA0038DD07 /* SeasonListViewController.xib in Resources */ = {isa = PBXBuildFile; fileRef = 8721B9FB2215D9EA0038DD07 /* SeasonListViewController.xib */; };
		8721BA002215E39A0038DD07 /* SeasonDatailViewController.swift in Sources */ = {isa = PBXBuildFile; fileRef = 8721B9FE2215E39A0038DD07 /* SeasonDatailViewController.swift */; };
		8721BA012215E39A0038DD07 /* SeasonDatailViewController.xib in Resources */ = {isa = PBXBuildFile; fileRef = 8721B9FF2215E39A0038DD07 /* SeasonDatailViewController.xib */; };
		8737E26922148157001C0665 /* EpisodeTest.swift in Sources */ = {isa = PBXBuildFile; fileRef = 8737E26822148157001C0665 /* EpisodeTest.swift */; };
		8748D007220EE8DC001CB53A /* WikiViewController.swift in Sources */ = {isa = PBXBuildFile; fileRef = 8748D005220EE8DC001CB53A /* WikiViewController.swift */; };
		8748D008220EE8DC001CB53A /* WikiViewController.xib in Resources */ = {isa = PBXBuildFile; fileRef = 8748D006220EE8DC001CB53A /* WikiViewController.xib */; };
		87CB5A5122039E340050E4CF /* House.swift in Sources */ = {isa = PBXBuildFile; fileRef = 87CB5A5022039E340050E4CF /* House.swift */; };
		87CB5A532203A6EA0050E4CF /* Sigil.swift in Sources */ = {isa = PBXBuildFile; fileRef = 87CB5A522203A6EA0050E4CF /* Sigil.swift */; };
		87CB5A552203A8AA0050E4CF /* PersonTests.swift in Sources */ = {isa = PBXBuildFile; fileRef = 87CB5A542203A8AA0050E4CF /* PersonTests.swift */; };
		87CB5A572203A9B90050E4CF /* Person.swift in Sources */ = {isa = PBXBuildFile; fileRef = 87CB5A562203A9B90050E4CF /* Person.swift */; };
		87D0E9BB220B703C00725271 /* RepositoryTests.swift in Sources */ = {isa = PBXBuildFile; fileRef = 87D0E9BA220B703C00725271 /* RepositoryTests.swift */; };
		87D0E9BE220B714300725271 /* Repository.swift in Sources */ = {isa = PBXBuildFile; fileRef = 87D0E9BD220B714300725271 /* Repository.swift */; };
/* End PBXBuildFile section */

/* Begin PBXContainerItemProxy section */
		870D3DA02203929E000D13EF /* PBXContainerItemProxy */ = {
			isa = PBXContainerItemProxy;
			containerPortal = 870D3D832203929B000D13EF /* Project object */;
			proxyType = 1;
			remoteGlobalIDString = 870D3D8A2203929B000D13EF;
			remoteInfo = Westeros;
		};
/* End PBXContainerItemProxy section */

/* Begin PBXFileReference section */
		870944D82212227A00A0BDE2 /* Constants.swift */ = {isa = PBXFileReference; lastKnownFileType = sourcecode.swift; path = Constants.swift; sourceTree = "<group>"; };
		870D23FC2216C6F6003C247A /* EpisodeListViewController.swift */ = {isa = PBXFileReference; lastKnownFileType = sourcecode.swift; path = EpisodeListViewController.swift; sourceTree = "<group>"; };
		870D23FD2216C6F6003C247A /* EpisodeListViewController.xib */ = {isa = PBXFileReference; lastKnownFileType = file.xib; path = EpisodeListViewController.xib; sourceTree = "<group>"; };
		870D24002216CBCB003C247A /* EpisodeDetailViewController.swift */ = {isa = PBXFileReference; lastKnownFileType = sourcecode.swift; path = EpisodeDetailViewController.swift; sourceTree = "<group>"; };
		870D24012216CBCB003C247A /* EpisodeDetailViewController.xib */ = {isa = PBXFileReference; lastKnownFileType = file.xib; path = EpisodeDetailViewController.xib; sourceTree = "<group>"; };
		870D3D8B2203929B000D13EF /* Westeros.app */ = {isa = PBXFileReference; explicitFileType = wrapper.application; includeInIndex = 0; path = Westeros.app; sourceTree = BUILT_PRODUCTS_DIR; };
		870D3D8E2203929B000D13EF /* AppDelegate.swift */ = {isa = PBXFileReference; lastKnownFileType = sourcecode.swift; path = AppDelegate.swift; sourceTree = "<group>"; };
		870D3D952203929E000D13EF /* Assets.xcassets */ = {isa = PBXFileReference; lastKnownFileType = folder.assetcatalog; path = Assets.xcassets; sourceTree = "<group>"; };
		870D3D982203929E000D13EF /* Base */ = {isa = PBXFileReference; lastKnownFileType = file.storyboard; name = Base; path = Base.lproj/LaunchScreen.storyboard; sourceTree = "<group>"; };
		870D3D9A2203929E000D13EF /* Info.plist */ = {isa = PBXFileReference; lastKnownFileType = text.plist.xml; path = Info.plist; sourceTree = "<group>"; };
		870D3D9F2203929E000D13EF /* WesterosTests.xctest */ = {isa = PBXFileReference; explicitFileType = wrapper.cfbundle; includeInIndex = 0; path = WesterosTests.xctest; sourceTree = BUILT_PRODUCTS_DIR; };
		870D3DA52203929E000D13EF /* Info.plist */ = {isa = PBXFileReference; lastKnownFileType = text.plist.xml; path = Info.plist; sourceTree = "<group>"; };
		870D3DAE22039C45000D13EF /* HouseTests.swift */ = {isa = PBXFileReference; lastKnownFileType = sourcecode.swift; path = HouseTests.swift; sourceTree = "<group>"; };
		8713B40A22099BA80062FE6F /* HouseDetailViewController.swift */ = {isa = PBXFileReference; lastKnownFileType = sourcecode.swift; path = HouseDetailViewController.swift; sourceTree = "<group>"; };
		8713B40B22099BA80062FE6F /* HouseDetailViewController.xib */ = {isa = PBXFileReference; lastKnownFileType = file.xib; path = HouseDetailViewController.xib; sourceTree = "<group>"; };
		8713B4162209B0900062FE6F /* UIViewController+Navigation.swift */ = {isa = PBXFileReference; lastKnownFileType = sourcecode.swift; path = "UIViewController+Navigation.swift"; sourceTree = "<group>"; };
		8716FFB3220F44C20028FEE4 /* HouseListViewController.swift */ = {isa = PBXFileReference; lastKnownFileType = sourcecode.swift; path = HouseListViewController.swift; sourceTree = "<group>"; };
		8716FFB4220F44C20028FEE4 /* HouseListViewController.xib */ = {isa = PBXFileReference; lastKnownFileType = file.xib; path = HouseListViewController.xib; sourceTree = "<group>"; };
		8716FFB7220F54E70028FEE4 /* MemberListViewController.swift */ = {isa = PBXFileReference; lastKnownFileType = sourcecode.swift; path = MemberListViewController.swift; sourceTree = "<group>"; };
		8716FFB8220F54E70028FEE4 /* MemberListViewController.xib */ = {isa = PBXFileReference; lastKnownFileType = file.xib; path = MemberListViewController.xib; sourceTree = "<group>"; };
		871BE8B322142F1B005DF224 /* Season.swift */ = {isa = PBXFileReference; lastKnownFileType = sourcecode.swift; path = Season.swift; sourceTree = "<group>"; };
		871BE8B522142FE4005DF224 /* Episode.swift */ = {isa = PBXFileReference; lastKnownFileType = sourcecode.swift; path = Episode.swift; sourceTree = "<group>"; };
		871BE8B722143260005DF224 /* SeasonTest.swift */ = {isa = PBXFileReference; lastKnownFileType = sourcecode.swift; path = SeasonTest.swift; sourceTree = "<group>"; };
		8721B9FA2215D9EA0038DD07 /* SeasonListViewController.swift */ = {isa = PBXFileReference; lastKnownFileType = sourcecode.swift; path = SeasonListViewController.swift; sourceTree = "<group>"; };
		8721B9FB2215D9EA0038DD07 /* SeasonListViewController.xib */ = {isa = PBXFileReference; lastKnownFileType = file.xib; path = SeasonListViewController.xib; sourceTree = "<group>"; };
		8721B9FE2215E39A0038DD07 /* SeasonDatailViewController.swift */ = {isa = PBXFileReference; lastKnownFileType = sourcecode.swift; path = SeasonDatailViewController.swift; sourceTree = "<group>"; };
		8721B9FF2215E39A0038DD07 /* SeasonDatailViewController.xib */ = {isa = PBXFileReference; lastKnownFileType = file.xib; path = SeasonDatailViewController.xib; sourceTree = "<group>"; };
		8737E26822148157001C0665 /* EpisodeTest.swift */ = {isa = PBXFileReference; lastKnownFileType = sourcecode.swift; path = EpisodeTest.swift; sourceTree = "<group>"; };
		8748D005220EE8DC001CB53A /* WikiViewController.swift */ = {isa = PBXFileReference; lastKnownFileType = sourcecode.swift; path = WikiViewController.swift; sourceTree = "<group>"; };
		8748D006220EE8DC001CB53A /* WikiViewController.xib */ = {isa = PBXFileReference; lastKnownFileType = file.xib; path = WikiViewController.xib; sourceTree = "<group>"; };
		87CB5A5022039E340050E4CF /* House.swift */ = {isa = PBXFileReference; lastKnownFileType = sourcecode.swift; path = House.swift; sourceTree = "<group>"; };
		87CB5A522203A6EA0050E4CF /* Sigil.swift */ = {isa = PBXFileReference; lastKnownFileType = sourcecode.swift; path = Sigil.swift; sourceTree = "<group>"; };
		87CB5A542203A8AA0050E4CF /* PersonTests.swift */ = {isa = PBXFileReference; lastKnownFileType = sourcecode.swift; path = PersonTests.swift; sourceTree = "<group>"; };
		87CB5A562203A9B90050E4CF /* Person.swift */ = {isa = PBXFileReference; lastKnownFileType = sourcecode.swift; path = Person.swift; sourceTree = "<group>"; };
		87D0E9BA220B703C00725271 /* RepositoryTests.swift */ = {isa = PBXFileReference; lastKnownFileType = sourcecode.swift; path = RepositoryTests.swift; sourceTree = "<group>"; };
		87D0E9BD220B714300725271 /* Repository.swift */ = {isa = PBXFileReference; lastKnownFileType = sourcecode.swift; path = Repository.swift; sourceTree = "<group>"; };
/* End PBXFileReference section */

/* Begin PBXFrameworksBuildPhase section */
		870D3D882203929B000D13EF /* Frameworks */ = {
			isa = PBXFrameworksBuildPhase;
			buildActionMask = 2147483647;
			files = (
			);
			runOnlyForDeploymentPostprocessing = 0;
		};
		870D3D9C2203929E000D13EF /* Frameworks */ = {
			isa = PBXFrameworksBuildPhase;
			buildActionMask = 2147483647;
			files = (
			);
			runOnlyForDeploymentPostprocessing = 0;
		};
/* End PBXFrameworksBuildPhase section */

/* Begin PBXGroup section */
		870D3D822203929B000D13EF = {
			isa = PBXGroup;
			children = (
				870D3D8D2203929B000D13EF /* Westeros */,
				870D3DA22203929E000D13EF /* WesterosTests */,
				870D3D8C2203929B000D13EF /* Products */,
			);
			sourceTree = "<group>";
		};
		870D3D8C2203929B000D13EF /* Products */ = {
			isa = PBXGroup;
			children = (
				870D3D8B2203929B000D13EF /* Westeros.app */,
				870D3D9F2203929E000D13EF /* WesterosTests.xctest */,
			);
			name = Products;
			sourceTree = "<group>";
		};
		870D3D8D2203929B000D13EF /* Westeros */ = {
			isa = PBXGroup;
			children = (
				8713B4152209B02F0062FE6F /* Additions */,
				8713B40922099B620062FE6F /* Controllers */,
				87CB5A4F22039E0D0050E4CF /* Domain */,
				870D3D8E2203929B000D13EF /* AppDelegate.swift */,
				870D3D952203929E000D13EF /* Assets.xcassets */,
				870D3D972203929E000D13EF /* LaunchScreen.storyboard */,
				870D3D9A2203929E000D13EF /* Info.plist */,
			);
			path = Westeros;
			sourceTree = "<group>";
		};
		870D3DA22203929E000D13EF /* WesterosTests */ = {
			isa = PBXGroup;
			children = (
				870D3DAE22039C45000D13EF /* HouseTests.swift */,
				870D3DA52203929E000D13EF /* Info.plist */,
				87CB5A542203A8AA0050E4CF /* PersonTests.swift */,
				87D0E9BA220B703C00725271 /* RepositoryTests.swift */,
				871BE8B722143260005DF224 /* SeasonTest.swift */,
				8737E26822148157001C0665 /* EpisodeTest.swift */,
			);
			path = WesterosTests;
			sourceTree = "<group>";
		};
		8713B40922099B620062FE6F /* Controllers */ = {
			isa = PBXGroup;
			children = (
				8713B40A22099BA80062FE6F /* HouseDetailViewController.swift */,
				8713B40B22099BA80062FE6F /* HouseDetailViewController.xib */,
				8748D005220EE8DC001CB53A /* WikiViewController.swift */,
				8748D006220EE8DC001CB53A /* WikiViewController.xib */,
				8716FFB3220F44C20028FEE4 /* HouseListViewController.swift */,
				8716FFB4220F44C20028FEE4 /* HouseListViewController.xib */,
				8716FFB7220F54E70028FEE4 /* MemberListViewController.swift */,
				8716FFB8220F54E70028FEE4 /* MemberListViewController.xib */,
				8721B9FA2215D9EA0038DD07 /* SeasonListViewController.swift */,
				8721B9FB2215D9EA0038DD07 /* SeasonListViewController.xib */,
				8721B9FE2215E39A0038DD07 /* SeasonDatailViewController.swift */,
				8721B9FF2215E39A0038DD07 /* SeasonDatailViewController.xib */,
				870D23FC2216C6F6003C247A /* EpisodeListViewController.swift */,
				870D23FD2216C6F6003C247A /* EpisodeListViewController.xib */,
				870D24002216CBCB003C247A /* EpisodeDetailViewController.swift */,
				870D24012216CBCB003C247A /* EpisodeDetailViewController.xib */,
			);
			path = Controllers;
			sourceTree = "<group>";
		};
		8713B4152209B02F0062FE6F /* Additions */ = {
			isa = PBXGroup;
			children = (
				8713B4162209B0900062FE6F /* UIViewController+Navigation.swift */,
				870944D82212227A00A0BDE2 /* Constants.swift */,
			);
			path = Additions;
			sourceTree = "<group>";
		};
		87CB5A4F22039E0D0050E4CF /* Domain */ = {
			isa = PBXGroup;
			children = (
				87D0E9BC220B711B00725271 /* Repositories */,
				87CB5A5022039E340050E4CF /* House.swift */,
				87CB5A522203A6EA0050E4CF /* Sigil.swift */,
				87CB5A562203A9B90050E4CF /* Person.swift */,
				871BE8B322142F1B005DF224 /* Season.swift */,
				871BE8B522142FE4005DF224 /* Episode.swift */,
			);
			path = Domain;
			sourceTree = "<group>";
		};
		87D0E9BC220B711B00725271 /* Repositories */ = {
			isa = PBXGroup;
			children = (
				87D0E9BD220B714300725271 /* Repository.swift */,
			);
			path = Repositories;
			sourceTree = "<group>";
		};
/* End PBXGroup section */

/* Begin PBXNativeTarget section */
		870D3D8A2203929B000D13EF /* Westeros */ = {
			isa = PBXNativeTarget;
			buildConfigurationList = 870D3DA82203929E000D13EF /* Build configuration list for PBXNativeTarget "Westeros" */;
			buildPhases = (
				870D3D872203929B000D13EF /* Sources */,
				870D3D882203929B000D13EF /* Frameworks */,
				870D3D892203929B000D13EF /* Resources */,
			);
			buildRules = (
			);
			dependencies = (
			);
			name = Westeros;
			productName = Westeros;
			productReference = 870D3D8B2203929B000D13EF /* Westeros.app */;
			productType = "com.apple.product-type.application";
		};
		870D3D9E2203929E000D13EF /* WesterosTests */ = {
			isa = PBXNativeTarget;
			buildConfigurationList = 870D3DAB2203929E000D13EF /* Build configuration list for PBXNativeTarget "WesterosTests" */;
			buildPhases = (
				870D3D9B2203929E000D13EF /* Sources */,
				870D3D9C2203929E000D13EF /* Frameworks */,
				870D3D9D2203929E000D13EF /* Resources */,
			);
			buildRules = (
			);
			dependencies = (
				870D3DA12203929E000D13EF /* PBXTargetDependency */,
			);
			name = WesterosTests;
			productName = WesterosTests;
			productReference = 870D3D9F2203929E000D13EF /* WesterosTests.xctest */;
			productType = "com.apple.product-type.bundle.unit-test";
		};
/* End PBXNativeTarget section */

/* Begin PBXProject section */
		870D3D832203929B000D13EF /* Project object */ = {
			isa = PBXProject;
			attributes = {
				LastSwiftUpdateCheck = 1010;
				LastUpgradeCheck = 1010;
				ORGANIZATIONNAME = "Jose Francisco Fornieles";
				TargetAttributes = {
					870D3D8A2203929B000D13EF = {
						CreatedOnToolsVersion = 10.1;
					};
					870D3D9E2203929E000D13EF = {
						CreatedOnToolsVersion = 10.1;
						LastSwiftMigration = 1010;
						TestTargetID = 870D3D8A2203929B000D13EF;
					};
				};
			};
			buildConfigurationList = 870D3D862203929B000D13EF /* Build configuration list for PBXProject "Westeros" */;
			compatibilityVersion = "Xcode 9.3";
			developmentRegion = en;
			hasScannedForEncodings = 0;
			knownRegions = (
				en,
				Base,
			);
			mainGroup = 870D3D822203929B000D13EF;
			productRefGroup = 870D3D8C2203929B000D13EF /* Products */;
			projectDirPath = "";
			projectRoot = "";
			targets = (
				870D3D8A2203929B000D13EF /* Westeros */,
				870D3D9E2203929E000D13EF /* WesterosTests */,
			);
		};
/* End PBXProject section */

/* Begin PBXResourcesBuildPhase section */
		870D3D892203929B000D13EF /* Resources */ = {
			isa = PBXResourcesBuildPhase;
			buildActionMask = 2147483647;
			files = (
				870D23FF2216C6F6003C247A /* EpisodeListViewController.xib in Resources */,
				870D3D992203929E000D13EF /* LaunchScreen.storyboard in Resources */,
				8716FFB6220F44C20028FEE4 /* HouseListViewController.xib in Resources */,
				870D3D962203929E000D13EF /* Assets.xcassets in Resources */,
				8721B9FD2215D9EA0038DD07 /* SeasonListViewController.xib in Resources */,
				8748D008220EE8DC001CB53A /* WikiViewController.xib in Resources */,
				8716FFBA220F54E70028FEE4 /* MemberListViewController.xib in Resources */,
				8721BA012215E39A0038DD07 /* SeasonDatailViewController.xib in Resources */,
				8713B40D22099BA80062FE6F /* HouseDetailViewController.xib in Resources */,
				870D24032216CBCB003C247A /* EpisodeDetailViewController.xib in Resources */,
			);
			runOnlyForDeploymentPostprocessing = 0;
		};
		870D3D9D2203929E000D13EF /* Resources */ = {
			isa = PBXResourcesBuildPhase;
			buildActionMask = 2147483647;
			files = (
			);
			runOnlyForDeploymentPostprocessing = 0;
		};
/* End PBXResourcesBuildPhase section */

/* Begin PBXSourcesBuildPhase section */
		870D3D872203929B000D13EF /* Sources */ = {
			isa = PBXSourcesBuildPhase;
			buildActionMask = 2147483647;
			files = (
				87D0E9BE220B714300725271 /* Repository.swift in Sources */,
				870944D92212227A00A0BDE2 /* Constants.swift in Sources */,
				8713B4172209B0900062FE6F /* UIViewController+Navigation.swift in Sources */,
				8713B40C22099BA80062FE6F /* HouseDetailViewController.swift in Sources */,
				8721BA002215E39A0038DD07 /* SeasonDatailViewController.swift in Sources */,
				870D24022216CBCB003C247A /* EpisodeDetailViewController.swift in Sources */,
				871BE8B422142F1B005DF224 /* Season.swift in Sources */,
				8721B9FC2215D9EA0038DD07 /* SeasonListViewController.swift in Sources */,
				87CB5A532203A6EA0050E4CF /* Sigil.swift in Sources */,
				8716FFB9220F54E70028FEE4 /* MemberListViewController.swift in Sources */,
				871BE8B622142FE4005DF224 /* Episode.swift in Sources */,
				87CB5A5122039E340050E4CF /* House.swift in Sources */,
				870D3D8F2203929B000D13EF /* AppDelegate.swift in Sources */,
				8748D007220EE8DC001CB53A /* WikiViewController.swift in Sources */,
				87CB5A572203A9B90050E4CF /* Person.swift in Sources */,
				870D23FE2216C6F6003C247A /* EpisodeListViewController.swift in Sources */,
				8716FFB5220F44C20028FEE4 /* HouseListViewController.swift in Sources */,
			);
			runOnlyForDeploymentPostprocessing = 0;
		};
		870D3D9B2203929E000D13EF /* Sources */ = {
			isa = PBXSourcesBuildPhase;
			buildActionMask = 2147483647;
			files = (
				871BE8B822143260005DF224 /* SeasonTest.swift in Sources */,
				8737E26922148157001C0665 /* EpisodeTest.swift in Sources */,
				870D3DAF22039C45000D13EF /* HouseTests.swift in Sources */,
				87CB5A552203A8AA0050E4CF /* PersonTests.swift in Sources */,
				87D0E9BB220B703C00725271 /* RepositoryTests.swift in Sources */,
			);
			runOnlyForDeploymentPostprocessing = 0;
		};
/* End PBXSourcesBuildPhase section */

/* Begin PBXTargetDependency section */
		870D3DA12203929E000D13EF /* PBXTargetDependency */ = {
			isa = PBXTargetDependency;
			target = 870D3D8A2203929B000D13EF /* Westeros */;
			targetProxy = 870D3DA02203929E000D13EF /* PBXContainerItemProxy */;
		};
/* End PBXTargetDependency section */

/* Begin PBXVariantGroup section */
		870D3D972203929E000D13EF /* LaunchScreen.storyboard */ = {
			isa = PBXVariantGroup;
			children = (
				870D3D982203929E000D13EF /* Base */,
			);
			name = LaunchScreen.storyboard;
			sourceTree = "<group>";
		};
/* End PBXVariantGroup section */

/* Begin XCBuildConfiguration section */
		870D3DA62203929E000D13EF /* Debug */ = {
			isa = XCBuildConfiguration;
			buildSettings = {
				ALWAYS_SEARCH_USER_PATHS = NO;
				CLANG_ANALYZER_NONNULL = YES;
				CLANG_ANALYZER_NUMBER_OBJECT_CONVERSION = YES_AGGRESSIVE;
				CLANG_CXX_LANGUAGE_STANDARD = "gnu++14";
				CLANG_CXX_LIBRARY = "libc++";
				CLANG_ENABLE_MODULES = YES;
				CLANG_ENABLE_OBJC_ARC = YES;
				CLANG_ENABLE_OBJC_WEAK = YES;
				CLANG_WARN_BLOCK_CAPTURE_AUTORELEASING = YES;
				CLANG_WARN_BOOL_CONVERSION = YES;
				CLANG_WARN_COMMA = YES;
				CLANG_WARN_CONSTANT_CONVERSION = YES;
				CLANG_WARN_DEPRECATED_OBJC_IMPLEMENTATIONS = YES;
				CLANG_WARN_DIRECT_OBJC_ISA_USAGE = YES_ERROR;
				CLANG_WARN_DOCUMENTATION_COMMENTS = YES;
				CLANG_WARN_EMPTY_BODY = YES;
				CLANG_WARN_ENUM_CONVERSION = YES;
				CLANG_WARN_INFINITE_RECURSION = YES;
				CLANG_WARN_INT_CONVERSION = YES;
				CLANG_WARN_NON_LITERAL_NULL_CONVERSION = YES;
				CLANG_WARN_OBJC_IMPLICIT_RETAIN_SELF = YES;
				CLANG_WARN_OBJC_LITERAL_CONVERSION = YES;
				CLANG_WARN_OBJC_ROOT_CLASS = YES_ERROR;
				CLANG_WARN_RANGE_LOOP_ANALYSIS = YES;
				CLANG_WARN_STRICT_PROTOTYPES = YES;
				CLANG_WARN_SUSPICIOUS_MOVE = YES;
				CLANG_WARN_UNGUARDED_AVAILABILITY = YES_AGGRESSIVE;
				CLANG_WARN_UNREACHABLE_CODE = YES;
				CLANG_WARN__DUPLICATE_METHOD_MATCH = YES;
				CODE_SIGN_IDENTITY = "iPhone Developer";
				COPY_PHASE_STRIP = NO;
				DEBUG_INFORMATION_FORMAT = dwarf;
				ENABLE_STRICT_OBJC_MSGSEND = YES;
				ENABLE_TESTABILITY = YES;
				GCC_C_LANGUAGE_STANDARD = gnu11;
				GCC_DYNAMIC_NO_PIC = NO;
				GCC_NO_COMMON_BLOCKS = YES;
				GCC_OPTIMIZATION_LEVEL = 0;
				GCC_PREPROCESSOR_DEFINITIONS = (
					"DEBUG=1",
					"$(inherited)",
				);
				GCC_WARN_64_TO_32_BIT_CONVERSION = YES;
				GCC_WARN_ABOUT_RETURN_TYPE = YES_ERROR;
				GCC_WARN_UNDECLARED_SELECTOR = YES;
				GCC_WARN_UNINITIALIZED_AUTOS = YES_AGGRESSIVE;
				GCC_WARN_UNUSED_FUNCTION = YES;
				GCC_WARN_UNUSED_VARIABLE = YES;
				IPHONEOS_DEPLOYMENT_TARGET = 12.1;
				MTL_ENABLE_DEBUG_INFO = INCLUDE_SOURCE;
				MTL_FAST_MATH = YES;
				ONLY_ACTIVE_ARCH = YES;
				SDKROOT = iphoneos;
				SWIFT_ACTIVE_COMPILATION_CONDITIONS = DEBUG;
				SWIFT_OPTIMIZATION_LEVEL = "-Onone";
			};
			name = Debug;
		};
		870D3DA72203929E000D13EF /* Release */ = {
			isa = XCBuildConfiguration;
			buildSettings = {
				ALWAYS_SEARCH_USER_PATHS = NO;
				CLANG_ANALYZER_NONNULL = YES;
				CLANG_ANALYZER_NUMBER_OBJECT_CONVERSION = YES_AGGRESSIVE;
				CLANG_CXX_LANGUAGE_STANDARD = "gnu++14";
				CLANG_CXX_LIBRARY = "libc++";
				CLANG_ENABLE_MODULES = YES;
				CLANG_ENABLE_OBJC_ARC = YES;
				CLANG_ENABLE_OBJC_WEAK = YES;
				CLANG_WARN_BLOCK_CAPTURE_AUTORELEASING = YES;
				CLANG_WARN_BOOL_CONVERSION = YES;
				CLANG_WARN_COMMA = YES;
				CLANG_WARN_CONSTANT_CONVERSION = YES;
				CLANG_WARN_DEPRECATED_OBJC_IMPLEMENTATIONS = YES;
				CLANG_WARN_DIRECT_OBJC_ISA_USAGE = YES_ERROR;
				CLANG_WARN_DOCUMENTATION_COMMENTS = YES;
				CLANG_WARN_EMPTY_BODY = YES;
				CLANG_WARN_ENUM_CONVERSION = YES;
				CLANG_WARN_INFINITE_RECURSION = YES;
				CLANG_WARN_INT_CONVERSION = YES;
				CLANG_WARN_NON_LITERAL_NULL_CONVERSION = YES;
				CLANG_WARN_OBJC_IMPLICIT_RETAIN_SELF = YES;
				CLANG_WARN_OBJC_LITERAL_CONVERSION = YES;
				CLANG_WARN_OBJC_ROOT_CLASS = YES_ERROR;
				CLANG_WARN_RANGE_LOOP_ANALYSIS = YES;
				CLANG_WARN_STRICT_PROTOTYPES = YES;
				CLANG_WARN_SUSPICIOUS_MOVE = YES;
				CLANG_WARN_UNGUARDED_AVAILABILITY = YES_AGGRESSIVE;
				CLANG_WARN_UNREACHABLE_CODE = YES;
				CLANG_WARN__DUPLICATE_METHOD_MATCH = YES;
				CODE_SIGN_IDENTITY = "iPhone Developer";
				COPY_PHASE_STRIP = NO;
				DEBUG_INFORMATION_FORMAT = "dwarf-with-dsym";
				ENABLE_NS_ASSERTIONS = NO;
				ENABLE_STRICT_OBJC_MSGSEND = YES;
				GCC_C_LANGUAGE_STANDARD = gnu11;
				GCC_NO_COMMON_BLOCKS = YES;
				GCC_WARN_64_TO_32_BIT_CONVERSION = YES;
				GCC_WARN_ABOUT_RETURN_TYPE = YES_ERROR;
				GCC_WARN_UNDECLARED_SELECTOR = YES;
				GCC_WARN_UNINITIALIZED_AUTOS = YES_AGGRESSIVE;
				GCC_WARN_UNUSED_FUNCTION = YES;
				GCC_WARN_UNUSED_VARIABLE = YES;
				IPHONEOS_DEPLOYMENT_TARGET = 12.1;
				MTL_ENABLE_DEBUG_INFO = NO;
				MTL_FAST_MATH = YES;
				SDKROOT = iphoneos;
				SWIFT_COMPILATION_MODE = wholemodule;
				SWIFT_OPTIMIZATION_LEVEL = "-O";
				VALIDATE_PRODUCT = YES;
			};
			name = Release;
		};
		870D3DA92203929E000D13EF /* Debug */ = {
			isa = XCBuildConfiguration;
			buildSettings = {
				ASSETCATALOG_COMPILER_APPICON_NAME = AppIcon;
				CODE_SIGN_STYLE = Automatic;
				DEVELOPMENT_TEAM = WHB7N6ASZ5;
				INFOPLIST_FILE = Westeros/Info.plist;
				LD_RUNPATH_SEARCH_PATHS = (
					"$(inherited)",
					"@executable_path/Frameworks",
				);
				PRODUCT_BUNDLE_IDENTIFIER = jffornieles.Westeros;
				PRODUCT_NAME = "$(TARGET_NAME)";
				SWIFT_VERSION = 4.2;
				TARGETED_DEVICE_FAMILY = "1,2";
			};
			name = Debug;
		};
		870D3DAA2203929E000D13EF /* Release */ = {
			isa = XCBuildConfiguration;
			buildSettings = {
				ASSETCATALOG_COMPILER_APPICON_NAME = AppIcon;
				CODE_SIGN_STYLE = Automatic;
				DEVELOPMENT_TEAM = WHB7N6ASZ5;
				INFOPLIST_FILE = Westeros/Info.plist;
				LD_RUNPATH_SEARCH_PATHS = (
					"$(inherited)",
					"@executable_path/Frameworks",
				);
				PRODUCT_BUNDLE_IDENTIFIER = jffornieles.Westeros;
				PRODUCT_NAME = "$(TARGET_NAME)";
				SWIFT_VERSION = 4.2;
				TARGETED_DEVICE_FAMILY = "1,2";
			};
			name = Release;
		};
		870D3DAC2203929E000D13EF /* Debug */ = {
			isa = XCBuildConfiguration;
			buildSettings = {
				ALWAYS_EMBED_SWIFT_STANDARD_LIBRARIES = YES;
				BUNDLE_LOADER = "$(TEST_HOST)";
				CLANG_ENABLE_MODULES = YES;
				CODE_SIGN_STYLE = Automatic;
				DEVELOPMENT_TEAM = WHB7N6ASZ5;
				INFOPLIST_FILE = WesterosTests/Info.plist;
				LD_RUNPATH_SEARCH_PATHS = (
					"$(inherited)",
					"@executable_path/Frameworks",
					"@loader_path/Frameworks",
				);
				PRODUCT_BUNDLE_IDENTIFIER = jffornieles.WesterosTests;
				PRODUCT_NAME = "$(TARGET_NAME)";
				SWIFT_OPTIMIZATION_LEVEL = "-Onone";
				SWIFT_VERSION = 4.2;
				TARGETED_DEVICE_FAMILY = "1,2";
				TEST_HOST = "$(BUILT_PRODUCTS_DIR)/Westeros.app/Westeros";
			};
			name = Debug;
		};
		870D3DAD2203929E000D13EF /* Release */ = {
			isa = XCBuildConfiguration;
			buildSettings = {
				ALWAYS_EMBED_SWIFT_STANDARD_LIBRARIES = YES;
				BUNDLE_LOADER = "$(TEST_HOST)";
				CLANG_ENABLE_MODULES = YES;
				CODE_SIGN_STYLE = Automatic;
				DEVELOPMENT_TEAM = WHB7N6ASZ5;
				INFOPLIST_FILE = WesterosTests/Info.plist;
				LD_RUNPATH_SEARCH_PATHS = (
					"$(inherited)",
					"@executable_path/Frameworks",
					"@loader_path/Frameworks",
				);
				PRODUCT_BUNDLE_IDENTIFIER = jffornieles.WesterosTests;
				PRODUCT_NAME = "$(TARGET_NAME)";
				SWIFT_VERSION = 4.2;
				TARGETED_DEVICE_FAMILY = "1,2";
				TEST_HOST = "$(BUILT_PRODUCTS_DIR)/Westeros.app/Westeros";
			};
			name = Release;
		};
/* End XCBuildConfiguration section */

/* Begin XCConfigurationList section */
		870D3D862203929B000D13EF /* Build configuration list for PBXProject "Westeros" */ = {
			isa = XCConfigurationList;
			buildConfigurations = (
				870D3DA62203929E000D13EF /* Debug */,
				870D3DA72203929E000D13EF /* Release */,
			);
			defaultConfigurationIsVisible = 0;
			defaultConfigurationName = Release;
		};
		870D3DA82203929E000D13EF /* Build configuration list for PBXNativeTarget "Westeros" */ = {
			isa = XCConfigurationList;
			buildConfigurations = (
				870D3DA92203929E000D13EF /* Debug */,
				870D3DAA2203929E000D13EF /* Release */,
			);
			defaultConfigurationIsVisible = 0;
			defaultConfigurationName = Release;
		};
		870D3DAB2203929E000D13EF /* Build configuration list for PBXNativeTarget "WesterosTests" */ = {
			isa = XCConfigurationList;
			buildConfigurations = (
				870D3DAC2203929E000D13EF /* Debug */,
				870D3DAD2203929E000D13EF /* Release */,
			);
			defaultConfigurationIsVisible = 0;
			defaultConfigurationName = Release;
		};
/* End XCConfigurationList section */
	};
	rootObject = 870D3D832203929B000D13EF /* Project object */;
}
